
Microsoft Visual Studio Solution File, Format Version 12.00
# Visual Studio 15
VisualStudioVersion = 15.0.28307.102
MinimumVisualStudioVersion = 10.0.40219.1
Project("{2150E333-8FDC-42A3-9474-1A3956D46DE8}") = "Domain", "Domain", "{D2AD5B1A-C8C2-487F-89CA-04900885F946}"
EndProject
Project("{2150E333-8FDC-42A3-9474-1A3956D46DE8}") = "Infrastructure", "Infrastructure", "{E6A458E6-AF91-4FB7-9224-5FC5E00C3996}"
EndProject
Project("{2150E333-8FDC-42A3-9474-1A3956D46DE8}") = "Tasks", "Tasks", "{BDC8840A-C964-4EFB-8778-9BC01F516491}"
EndProject
Project("{2150E333-8FDC-42A3-9474-1A3956D46DE8}") = "Presentation", "Presentation", "{D5E689AA-BE7E-4F5F-AF51-03F71C6C31B2}"
EndProject
Project("{2150E333-8FDC-42A3-9474-1A3956D46DE8}") = "Specs", "Specs", "{2322D330-1A60-4F79-B553-53DED803A098}"
EndProject
Project("{FAE04EC0-301F-11D3-BF4B-00C04F79EFBC}") = "Oulanka.Domain", "Oulanka.Domain\Oulanka.Domain.csproj", "{8DEF56CD-601E-443C-9DCE-C4EC54C0B6A6}"
EndProject
Project("{FAE04EC0-301F-11D3-BF4B-00C04F79EFBC}") = "Oulanka.Infrastructure", "Oulanka.Infrastructure\Oulanka.Infrastructure.csproj", "{9544D94B-9B6E-4B61-8A09-88382205BF86}"
EndProject
Project("{FAE04EC0-301F-11D3-BF4B-00C04F79EFBC}") = "Oulanka.Tasks", "Oulanka.Tasks\Oulanka.Tasks.csproj", "{C9AAC14B-E695-4508-83B7-ACB8FC5A7284}"
EndProject
Project("{FAE04EC0-301F-11D3-BF4B-00C04F79EFBC}") = "Oulanka.Tests", "Oulanka.Tests\Oulanka.Tests.csproj", "{CC4A233E-BE8A-47CC-A87C-8352BFD557B7}"
EndProject
Project("{FAE04EC0-301F-11D3-BF4B-00C04F79EFBC}") = "Oulanka.Web.Mvc", "Oulanka.Web.Mvc\Oulanka.Web.Mvc.csproj", "{4F40EFB7-FB20-461F-83BC-F32F832865F1}"
EndProject
Project("{2150E333-8FDC-42A3-9474-1A3956D46DE8}") = ".nuget", ".nuget", "{F6BCFBC7-3930-4494-AF6E-B9B07D4D454C}"
	ProjectSection(SolutionItems) = preProject
		.nuget\NuGet.Config = .nuget\NuGet.Config
		.nuget\NuGet.exe = .nuget\NuGet.exe
		.nuget\NuGet.targets = .nuget\NuGet.targets
	EndProjectSection
EndProject
Project("{FAE04EC0-301F-11D3-BF4B-00C04F79EFBC}") = "Oulanka.Configuration", "Oulanka.Configuration\Oulanka.Configuration.csproj", "{DBCB0A09-82B5-4B58-86EC-6213D247A66C}"
EndProject
Project("{2150E333-8FDC-42A3-9474-1A3956D46DE8}") = "Services", "Services", "{8242F39A-4494-4CA4-8B1D-F1780E723E85}"
EndProject
Project("{FAE04EC0-301F-11D3-BF4B-00C04F79EFBC}") = "Oulanka.Services", "Oulanka.Services\Oulanka.Services.csproj", "{9B576311-867F-4937-8459-B62335334FFA}"
EndProject
Project("{FAE04EC0-301F-11D3-BF4B-00C04F79EFBC}") = "Oulanka.Web.Core", "Oulanka.Web.Core\Oulanka.Web.Core.csproj", "{DA5D4AAD-22BD-4FA9-9496-2691A77F5B01}"
EndProject
Project("{FAE04EC0-301F-11D3-BF4B-00C04F79EFBC}") = "Oulanka.Providers", "Oulanka.Providers\Oulanka.Providers.csproj", "{545C76DB-75EE-435F-A7A8-09968E7B6E0F}"
EndProject
Project("{FAE04EC0-301F-11D3-BF4B-00C04F79EFBC}") = "Oulanka.DataServices", "Oulanka.DataServices\Oulanka.DataServices.csproj", "{C83D58C4-169E-48FF-9D9D-E8107416269C}"
EndProject
Project("{FAE04EC0-301F-11D3-BF4B-00C04F79EFBC}") = "Oulanka.SqlDataProviders", "Oulanka.SqlDataProviders\Oulanka.SqlDataProviders.csproj", "{FB237758-3EAA-4D96-83D0-63AC344174F3}"
EndProject
Project("{2150E333-8FDC-42A3-9474-1A3956D46DE8}") = "DataProviders", "DataProviders", "{8D1460D6-C598-479A-B4B9-D3F630D3D08E}"
EndProject
Project("{2150E333-8FDC-42A3-9474-1A3956D46DE8}") = "Api", "Api", "{DB95F10B-A0BB-40AC-98D9-85563411A1A3}"
EndProject
Project("{2150E333-8FDC-42A3-9474-1A3956D46DE8}") = "Apps", "Apps", "{7BB6BA00-D255-45AB-88B2-9860AEF57A66}"
EndProject
Project("{9A19103F-16F7-4668-BE54-9A1E7A4F7556}") = "Oulanka.Apps.Evaluaciones", "Apps\Oulanka.Apps.Evaluaciones\Oulanka.Apps.Evaluaciones.csproj", "{E6896EF2-C8B2-4267-B2F4-AA5A1845FF5A}"
EndProject
Project("{FAE04EC0-301F-11D3-BF4B-00C04F79EFBC}") = "Oulanka.Api", "Oulanka.Api\Oulanka.Api.csproj", "{E65F2FE4-C585-464F-8250-EA7FF769F060}"
EndProject
Global
	GlobalSection(SolutionConfigurationPlatforms) = preSolution
		Debug|Any CPU = Debug|Any CPU
		Release|Any CPU = Release|Any CPU
	EndGlobalSection
	GlobalSection(ProjectConfigurationPlatforms) = postSolution
		{8DEF56CD-601E-443C-9DCE-C4EC54C0B6A6}.Debug|Any CPU.ActiveCfg = Debug|Any CPU
		{8DEF56CD-601E-443C-9DCE-C4EC54C0B6A6}.Debug|Any CPU.Build.0 = Debug|Any CPU
		{8DEF56CD-601E-443C-9DCE-C4EC54C0B6A6}.Release|Any CPU.ActiveCfg = Release|Any CPU
		{8DEF56CD-601E-443C-9DCE-C4EC54C0B6A6}.Release|Any CPU.Build.0 = Release|Any CPU
		{9544D94B-9B6E-4B61-8A09-88382205BF86}.Debug|Any CPU.ActiveCfg = Debug|Any CPU
		{9544D94B-9B6E-4B61-8A09-88382205BF86}.Debug|Any CPU.Build.0 = Debug|Any CPU
		{9544D94B-9B6E-4B61-8A09-88382205BF86}.Release|Any CPU.ActiveCfg = Release|Any CPU
		{9544D94B-9B6E-4B61-8A09-88382205BF86}.Release|Any CPU.Build.0 = Release|Any CPU
		{C9AAC14B-E695-4508-83B7-ACB8FC5A7284}.Debug|Any CPU.ActiveCfg = Debug|Any CPU
		{C9AAC14B-E695-4508-83B7-ACB8FC5A7284}.Debug|Any CPU.Build.0 = Debug|Any CPU
		{C9AAC14B-E695-4508-83B7-ACB8FC5A7284}.Release|Any CPU.ActiveCfg = Release|Any CPU
		{C9AAC14B-E695-4508-83B7-ACB8FC5A7284}.Release|Any CPU.Build.0 = Release|Any CPU
		{CC4A233E-BE8A-47CC-A87C-8352BFD557B7}.Debug|Any CPU.ActiveCfg = Debug|Any CPU
		{CC4A233E-BE8A-47CC-A87C-8352BFD557B7}.Debug|Any CPU.Build.0 = Debug|Any CPU
		{CC4A233E-BE8A-47CC-A87C-8352BFD557B7}.Release|Any CPU.ActiveCfg = Release|Any CPU
		{CC4A233E-BE8A-47CC-A87C-8352BFD557B7}.Release|Any CPU.Build.0 = Release|Any CPU
		{4F40EFB7-FB20-461F-83BC-F32F832865F1}.Debug|Any CPU.ActiveCfg = Debug|Any CPU
		{4F40EFB7-FB20-461F-83BC-F32F832865F1}.Debug|Any CPU.Build.0 = Debug|Any CPU
		{4F40EFB7-FB20-461F-83BC-F32F832865F1}.Release|Any CPU.ActiveCfg = Release|Any CPU
		{4F40EFB7-FB20-461F-83BC-F32F832865F1}.Release|Any CPU.Build.0 = Release|Any CPU
		{DBCB0A09-82B5-4B58-86EC-6213D247A66C}.Debug|Any CPU.ActiveCfg = Debug|Any CPU
		{DBCB0A09-82B5-4B58-86EC-6213D247A66C}.Debug|Any CPU.Build.0 = Debug|Any CPU
		{DBCB0A09-82B5-4B58-86EC-6213D247A66C}.Release|Any CPU.ActiveCfg = Release|Any CPU
		{DBCB0A09-82B5-4B58-86EC-6213D247A66C}.Release|Any CPU.Build.0 = Release|Any CPU
		{9B576311-867F-4937-8459-B62335334FFA}.Debug|Any CPU.ActiveCfg = Debug|Any CPU
		{9B576311-867F-4937-8459-B62335334FFA}.Debug|Any CPU.Build.0 = Debug|Any CPU
		{9B576311-867F-4937-8459-B62335334FFA}.Release|Any CPU.ActiveCfg = Release|Any CPU
		{9B576311-867F-4937-8459-B62335334FFA}.Release|Any CPU.Build.0 = Release|Any CPU
		{DA5D4AAD-22BD-4FA9-9496-2691A77F5B01}.Debug|Any CPU.ActiveCfg = Debug|Any CPU
		{DA5D4AAD-22BD-4FA9-9496-2691A77F5B01}.Debug|Any CPU.Build.0 = Debug|Any CPU
		{DA5D4AAD-22BD-4FA9-9496-2691A77F5B01}.Release|Any CPU.ActiveCfg = Release|Any CPU
		{DA5D4AAD-22BD-4FA9-9496-2691A77F5B01}.Release|Any CPU.Build.0 = Release|Any CPU
		{545C76DB-75EE-435F-A7A8-09968E7B6E0F}.Debug|Any CPU.ActiveCfg = Debug|Any CPU
		{545C76DB-75EE-435F-A7A8-09968E7B6E0F}.Debug|Any CPU.Build.0 = Debug|Any CPU
		{545C76DB-75EE-435F-A7A8-09968E7B6E0F}.Release|Any CPU.ActiveCfg = Release|Any CPU
		{545C76DB-75EE-435F-A7A8-09968E7B6E0F}.Release|Any CPU.Build.0 = Release|Any CPU
		{C83D58C4-169E-48FF-9D9D-E8107416269C}.Debug|Any CPU.ActiveCfg = Debug|Any CPU
		{C83D58C4-169E-48FF-9D9D-E8107416269C}.Debug|Any CPU.Build.0 = Debug|Any CPU
		{C83D58C4-169E-48FF-9D9D-E8107416269C}.Release|Any CPU.ActiveCfg = Release|Any CPU
		{C83D58C4-169E-48FF-9D9D-E8107416269C}.Release|Any CPU.Build.0 = Release|Any CPU
		{FB237758-3EAA-4D96-83D0-63AC344174F3}.Debug|Any CPU.ActiveCfg = Debug|Any CPU
		{FB237758-3EAA-4D96-83D0-63AC344174F3}.Debug|Any CPU.Build.0 = Debug|Any CPU
		{FB237758-3EAA-4D96-83D0-63AC344174F3}.Release|Any CPU.ActiveCfg = Release|Any CPU
		{FB237758-3EAA-4D96-83D0-63AC344174F3}.Release|Any CPU.Build.0 = Release|Any CPU
		{E6896EF2-C8B2-4267-B2F4-AA5A1845FF5A}.Debug|Any CPU.ActiveCfg = Debug|Any CPU
		{E6896EF2-C8B2-4267-B2F4-AA5A1845FF5A}.Debug|Any CPU.Build.0 = Debug|Any CPU
		{E6896EF2-C8B2-4267-B2F4-AA5A1845FF5A}.Release|Any CPU.ActiveCfg = Release|Any CPU
		{E6896EF2-C8B2-4267-B2F4-AA5A1845FF5A}.Release|Any CPU.Build.0 = Release|Any CPU
		{E65F2FE4-C585-464F-8250-EA7FF769F060}.Debug|Any CPU.ActiveCfg = Debug|Any CPU
		{E65F2FE4-C585-464F-8250-EA7FF769F060}.Debug|Any CPU.Build.0 = Debug|Any CPU
		{E65F2FE4-C585-464F-8250-EA7FF769F060}.Release|Any CPU.ActiveCfg = Release|Any CPU
		{E65F2FE4-C585-464F-8250-EA7FF769F060}.Release|Any CPU.Build.0 = Release|Any CPU
	EndGlobalSection
	GlobalSection(SolutionProperties) = preSolution
		HideSolutionNode = FALSE
	EndGlobalSection
	GlobalSection(NestedProjects) = preSolution
		{8DEF56CD-601E-443C-9DCE-C4EC54C0B6A6} = {D2AD5B1A-C8C2-487F-89CA-04900885F946}
		{9544D94B-9B6E-4B61-8A09-88382205BF86} = {E6A458E6-AF91-4FB7-9224-5FC5E00C3996}
		{C9AAC14B-E695-4508-83B7-ACB8FC5A7284} = {BDC8840A-C964-4EFB-8778-9BC01F516491}
		{CC4A233E-BE8A-47CC-A87C-8352BFD557B7} = {2322D330-1A60-4F79-B553-53DED803A098}
		{4F40EFB7-FB20-461F-83BC-F32F832865F1} = {D5E689AA-BE7E-4F5F-AF51-03F71C6C31B2}
		{DBCB0A09-82B5-4B58-86EC-6213D247A66C} = {E6A458E6-AF91-4FB7-9224-5FC5E00C3996}
		{9B576311-867F-4937-8459-B62335334FFA} = {8242F39A-4494-4CA4-8B1D-F1780E723E85}
		{DA5D4AAD-22BD-4FA9-9496-2691A77F5B01} = {D5E689AA-BE7E-4F5F-AF51-03F71C6C31B2}
		{545C76DB-75EE-435F-A7A8-09968E7B6E0F} = {8D1460D6-C598-479A-B4B9-D3F630D3D08E}
		{C83D58C4-169E-48FF-9D9D-E8107416269C} = {8242F39A-4494-4CA4-8B1D-F1780E723E85}
		{FB237758-3EAA-4D96-83D0-63AC344174F3} = {8D1460D6-C598-479A-B4B9-D3F630D3D08E}
		{E6896EF2-C8B2-4267-B2F4-AA5A1845FF5A} = {7BB6BA00-D255-45AB-88B2-9860AEF57A66}
		{E65F2FE4-C585-464F-8250-EA7FF769F060} = {DB95F10B-A0BB-40AC-98D9-85563411A1A3}
	EndGlobalSection
	GlobalSection(ExtensibilityGlobals) = postSolution
		SolutionGuid = {CC4F8D53-D9A2-43EF-9A3B-46D5D90732DA}
	EndGlobalSection
EndGlobal
